// !$*UTF8*$!
{
	archiveVersion = 1;
	classes = {
	};
	objectVersion = 56;
	objects = {

/* Begin PBXBuildFile section */
		80569A732CD1946C00B8F914 /* _91024App.swift in Sources */ = {isa = PBXBuildFile; fileRef = 80569A722CD1946C00B8F914 /* _91024App.swift */; };
		80569A752CD1946C00B8F914 /* ContentView.swift in Sources */ = {isa = PBXBuildFile; fileRef = 80569A742CD1946C00B8F914 /* ContentView.swift */; };
		80569A772CD1946E00B8F914 /* Assets.xcassets in Resources */ = {isa = PBXBuildFile; fileRef = 80569A762CD1946E00B8F914 /* Assets.xcassets */; };
		80569A7A2CD1946E00B8F914 /* Preview Assets.xcassets in Resources */ = {isa = PBXBuildFile; fileRef = 80569A792CD1946E00B8F914 /* Preview Assets.xcassets */; };
		80569A842CD1946E00B8F914 /* _91024Tests.swift in Sources */ = {isa = PBXBuildFile; fileRef = 80569A832CD1946E00B8F914 /* _91024Tests.swift */; };
		80569A8E2CD1946E00B8F914 /* _91024UITests.swift in Sources */ = {isa = PBXBuildFile; fileRef = 80569A8D2CD1946E00B8F914 /* _91024UITests.swift */; };
		80569A902CD1946E00B8F914 /* _91024UITestsLaunchTests.swift in Sources */ = {isa = PBXBuildFile; fileRef = 80569A8F2CD1946E00B8F914 /* _91024UITestsLaunchTests.swift */; };
/* End PBXBuildFile section */

/* Begin PBXContainerItemProxy section */
		80569A802CD1946E00B8F914 /* PBXContainerItemProxy */ = {
			isa = PBXContainerItemProxy;
			containerPortal = 80569A672CD1946C00B8F914 /* Project object */;
			proxyType = 1;
			remoteGlobalIDString = 80569A6E2CD1946C00B8F914;
			remoteInfo = 291024;
		};
		80569A8A2CD1946E00B8F914 /* PBXContainerItemProxy */ = {
			isa = PBXContainerItemProxy;
			containerPortal = 80569A672CD1946C00B8F914 /* Project object */;
			proxyType = 1;
			remoteGlobalIDString = 80569A6E2CD1946C00B8F914;
			remoteInfo = 291024;
		};
/* End PBXContainerItemProxy section */

/* Begin PBXFileReference section */
		80569A6F2CD1946C00B8F914 /* 291024.app */ = {isa = PBXFileReference; explicitFileType = wrapper.application; includeInIndex = 0; path = 291024.app; sourceTree = BUILT_PRODUCTS_DIR; };
		80569A722CD1946C00B8F914 /* _91024App.swift */ = {isa = PBXFileReference; lastKnownFileType = sourcecode.swift; path = _91024App.swift; sourceTree = "<group>"; };
		80569A742CD1946C00B8F914 /* ContentView.swift */ = {isa = PBXFileReference; lastKnownFileType = sourcecode.swift; path = ContentView.swift; sourceTree = "<group>"; };
		80569A762CD1946E00B8F914 /* Assets.xcassets */ = {isa = PBXFileReference; lastKnownFileType = folder.assetcatalog; path = Assets.xcassets; sourceTree = "<group>"; };
		80569A792CD1946E00B8F914 /* Preview Assets.xcassets */ = {isa = PBXFileReference; lastKnownFileType = folder.assetcatalog; path = "Preview Assets.xcassets"; sourceTree = "<group>"; };
		80569A7F2CD1946E00B8F914 /* 291024Tests.xctest */ = {isa = PBXFileReference; explicitFileType = wrapper.cfbundle; includeInIndex = 0; path = 291024Tests.xctest; sourceTree = BUILT_PRODUCTS_DIR; };
		80569A832CD1946E00B8F914 /* _91024Tests.swift */ = {isa = PBXFileReference; lastKnownFileType = sourcecode.swift; path = _91024Tests.swift; sourceTree = "<group>"; };
		80569A892CD1946E00B8F914 /* 291024UITests.xctest */ = {isa = PBXFileReference; explicitFileType = wrapper.cfbundle; includeInIndex = 0; path = 291024UITests.xctest; sourceTree = BUILT_PRODUCTS_DIR; };
		80569A8D2CD1946E00B8F914 /* _91024UITests.swift */ = {isa = PBXFileReference; lastKnownFileType = sourcecode.swift; path = _91024UITests.swift; sourceTree = "<group>"; };
		80569A8F2CD1946E00B8F914 /* _91024UITestsLaunchTests.swift */ = {isa = PBXFileReference; lastKnownFileType = sourcecode.swift; path = _91024UITestsLaunchTests.swift; sourceTree = "<group>"; };
/* End PBXFileReference section */

/* Begin PBXFrameworksBuildPhase section */
		80569A6C2CD1946C00B8F914 /* Frameworks */ = {
			isa = PBXFrameworksBuildPhase;
			buildActionMask = 2147483647;
			files = (
			);
			runOnlyForDeploymentPostprocessing = 0;
		};
		80569A7C2CD1946E00B8F914 /* Frameworks */ = {
			isa = PBXFrameworksBuildPhase;
			buildActionMask = 2147483647;
			files = (
			);
			runOnlyForDeploymentPostprocessing = 0;
		};
		80569A862CD1946E00B8F914 /* Frameworks */ = {
			isa = PBXFrameworksBuildPhase;
			buildActionMask = 2147483647;
			files = (
			);
			runOnlyForDeploymentPostprocessing = 0;
		};
/* End PBXFrameworksBuildPhase section */

/* Begin PBXGroup section */
		80569A662CD1946C00B8F914 = {
			isa = PBXGroup;
			children = (
				80569A712CD1946C00B8F914 /* 291024 */,
				80569A822CD1946E00B8F914 /* 291024Tests */,
				80569A8C2CD1946E00B8F914 /* 291024UITests */,
				80569A702CD1946C00B8F914 /* Products */,
			);
			sourceTree = "<group>";
		};
		80569A702CD1946C00B8F914 /* Products */ = {
			isa = PBXGroup;
			children = (
				80569A6F2CD1946C00B8F914 /* 291024.app */,
				80569A7F2CD1946E00B8F914 /* 291024Tests.xctest */,
				80569A892CD1946E00B8F914 /* 291024UITests.xctest */,
			);
			name = Products;
			sourceTree = "<group>";
		};
		80569A712CD1946C00B8F914 /* 291024 */ = {
			isa = PBXGroup;
			children = (
				80569A722CD1946C00B8F914 /* _91024App.swift */,
				80569A742CD1946C00B8F914 /* ContentView.swift */,
				80569A762CD1946E00B8F914 /* Assets.xcassets */,
				80569A782CD1946E00B8F914 /* Preview Content */,
			);
			path = 291024;
			sourceTree = "<group>";
		};
		80569A782CD1946E00B8F914 /* Preview Content */ = {
			isa = PBXGroup;
			children = (
				80569A792CD1946E00B8F914 /* Preview Assets.xcassets */,
			);
			path = "Preview Content";
			sourceTree = "<group>";
		};
		80569A822CD1946E00B8F914 /* 291024Tests */ = {
			isa = PBXGroup;
			children = (
				80569A832CD1946E00B8F914 /* _91024Tests.swift */,
			);
			path = 291024Tests;
			sourceTree = "<group>";
		};
		80569A8C2CD1946E00B8F914 /* 291024UITests */ = {
			isa = PBXGroup;
			children = (
				80569A8D2CD1946E00B8F914 /* _91024UITests.swift */,
				80569A8F2CD1946E00B8F914 /* _91024UITestsLaunchTests.swift */,
			);
			path = 291024UITests;
			sourceTree = "<group>";
		};
/* End PBXGroup section */

/* Begin PBXNativeTarget section */
		80569A6E2CD1946C00B8F914 /* 291024 */ = {
			isa = PBXNativeTarget;
			buildConfigurationList = 80569A932CD1946E00B8F914 /* Build configuration list for PBXNativeTarget "291024" */;
			buildPhases = (
				80569A6B2CD1946C00B8F914 /* Sources */,
				80569A6C2CD1946C00B8F914 /* Frameworks */,
				80569A6D2CD1946C00B8F914 /* Resources */,
			);
			buildRules = (
			);
			dependencies = (
			);
			name = 291024;
			productName = 291024;
			productReference = 80569A6F2CD1946C00B8F914 /* 291024.app */;
			productType = "com.apple.product-type.application";
		};
		80569A7E2CD1946E00B8F914 /* 291024Tests */ = {
			isa = PBXNativeTarget;
			buildConfigurationList = 80569A962CD1946E00B8F914 /* Build configuration list for PBXNativeTarget "291024Tests" */;
			buildPhases = (
				80569A7B2CD1946E00B8F914 /* Sources */,
				80569A7C2CD1946E00B8F914 /* Frameworks */,
				80569A7D2CD1946E00B8F914 /* Resources */,
			);
			buildRules = (
			);
			dependencies = (
				80569A812CD1946E00B8F914 /* PBXTargetDependency */,
			);
			name = 291024Tests;
			productName = 291024Tests;
			productReference = 80569A7F2CD1946E00B8F914 /* 291024Tests.xctest */;
			productType = "com.apple.product-type.bundle.unit-test";
		};
		80569A882CD1946E00B8F914 /* 291024UITests */ = {
			isa = PBXNativeTarget;
			buildConfigurationList = 80569A992CD1946E00B8F914 /* Build configuration list for PBXNativeTarget "291024UITests" */;
			buildPhases = (
				80569A852CD1946E00B8F914 /* Sources */,
				80569A862CD1946E00B8F914 /* Frameworks */,
				80569A872CD1946E00B8F914 /* Resources */,
			);
			buildRules = (
			);
			dependencies = (
				80569A8B2CD1946E00B8F914 /* PBXTargetDependency */,
			);
			name = 291024UITests;
			productName = 291024UITests;
			productReference = 80569A892CD1946E00B8F914 /* 291024UITests.xctest */;
			productType = "com.apple.product-type.bundle.ui-testing";
		};
/* End PBXNativeTarget section */

/* Begin PBXProject section */
		80569A672CD1946C00B8F914 /* Project object */ = {
			isa = PBXProject;
			attributes = {
				BuildIndependentTargetsInParallel = 1;
				LastSwiftUpdateCheck = 1540;
				LastUpgradeCheck = 1540;
				TargetAttributes = {
					80569A6E2CD1946C00B8F914 = {
						CreatedOnToolsVersion = 15.4;
					};
					80569A7E2CD1946E00B8F914 = {
						CreatedOnToolsVersion = 15.4;
						TestTargetID = 80569A6E2CD1946C00B8F914;
					};
					80569A882CD1946E00B8F914 = {
						CreatedOnToolsVersion = 15.4;
						TestTargetID = 80569A6E2CD1946C00B8F914;
					};
				};
			};
			buildConfigurationList = 80569A6A2CD1946C00B8F914 /* Build configuration list for PBXProject "291024" */;
			compatibilityVersion = "Xcode 14.0";
			developmentRegion = en;
			hasScannedForEncodings = 0;
			knownRegions = (
				en,
				Base,
			);
			mainGroup = 80569A662CD1946C00B8F914;
			productRefGroup = 80569A702CD1946C00B8F914 /* Products */;
			projectDirPath = "";
			projectRoot = "";
			targets = (
				80569A6E2CD1946C00B8F914 /* 291024 */,
				80569A7E2CD1946E00B8F914 /* 291024Tests */,
				80569A882CD1946E00B8F914 /* 291024UITests */,
			);
		};
/* End PBXProject section */

/* Begin PBXResourcesBuildPhase section */
		80569A6D2CD1946C00B8F914 /* Resources */ = {
			isa = PBXResourcesBuildPhase;
			buildActionMask = 2147483647;
			files = (
				80569A7A2CD1946E00B8F914 /* Preview Assets.xcassets in Resources */,
				80569A772CD1946E00B8F914 /* Assets.xcassets in Resources */,
			);
			runOnlyForDeploymentPostprocessing = 0;
		};
		80569A7D2CD1946E00B8F914 /* Resources */ = {
			isa = PBXResourcesBuildPhase;
			buildActionMask = 2147483647;
			files = (
			);
			runOnlyForDeploymentPostprocessing = 0;
		};
		80569A872CD1946E00B8F914 /* Resources */ = {
			isa = PBXResourcesBuildPhase;
			buildActionMask = 2147483647;
			files = (
			);
			runOnlyForDeploymentPostprocessing = 0;
		};
/* End PBXResourcesBuildPhase section */

/* Begin PBXSourcesBuildPhase section */
		80569A6B2CD1946C00B8F914 /* Sources */ = {
			isa = PBXSourcesBuildPhase;
			buildActionMask = 2147483647;
			files = (
				80569A752CD1946C00B8F914 /* ContentView.swift in Sources */,
				80569A732CD1946C00B8F914 /* _91024App.swift in Sources */,
			);
			runOnlyForDeploymentPostprocessing = 0;
		};
		80569A7B2CD1946E00B8F914 /* Sources */ = {
			isa = PBXSourcesBuildPhase;
			buildActionMask = 2147483647;
			files = (
				80569A842CD1946E00B8F914 /* _91024Tests.swift in Sources */,
			);
			runOnlyForDeploymentPostprocessing = 0;
		};
		80569A852CD1946E00B8F914 /* Sources */ = {
			isa = PBXSourcesBuildPhase;
			buildActionMask = 2147483647;
			files = (
				80569A8E2CD1946E00B8F914 /* _91024UITests.swift in Sources */,
				80569A902CD1946E00B8F914 /* _91024UITestsLaunchTests.swift in Sources */,
			);
			runOnlyForDeploymentPostprocessing = 0;
		};
/* End PBXSourcesBuildPhase section */

/* Begin PBXTargetDependency section */
		80569A812CD1946E00B8F914 /* PBXTargetDependency */ = {
			isa = PBXTargetDependency;
			target = 80569A6E2CD1946C00B8F914 /* 291024 */;
			targetProxy = 80569A802CD1946E00B8F914 /* PBXContainerItemProxy */;
		};
		80569A8B2CD1946E00B8F914 /* PBXTargetDependency */ = {
			isa = PBXTargetDependency;
			target = 80569A6E2CD1946C00B8F914 /* 291024 */;
			targetProxy = 80569A8A2CD1946E00B8F914 /* PBXContainerItemProxy */;
		};
/* End PBXTargetDependency section */

/* Begin XCBuildConfiguration section */
		80569A912CD1946E00B8F914 /* Debug */ = {
			isa = XCBuildConfiguration;
			buildSettings = {
				ALWAYS_SEARCH_USER_PATHS = NO;
				ASSETCATALOG_COMPILER_GENERATE_SWIFT_ASSET_SYMBOL_EXTENSIONS = YES;
				CLANG_ANALYZER_NONNULL = YES;
				CLANG_ANALYZER_NUMBER_OBJECT_CONVERSION = YES_AGGRESSIVE;
				CLANG_CXX_LANGUAGE_STANDARD = "gnu++20";
				CLANG_ENABLE_MODULES = YES;
				CLANG_ENABLE_OBJC_ARC = YES;
				CLANG_ENABLE_OBJC_WEAK = YES;
				CLANG_WARN_BLOCK_CAPTURE_AUTORELEASING = YES;
				CLANG_WARN_BOOL_CONVERSION = YES;
				CLANG_WARN_COMMA = YES;
				CLANG_WARN_CONSTANT_CONVERSION = YES;
				CLANG_WARN_DEPRECATED_OBJC_IMPLEMENTATIONS = YES;
				CLANG_WARN_DIRECT_OBJC_ISA_USAGE = YES_ERROR;
				CLANG_WARN_DOCUMENTATION_COMMENTS = YES;
				CLANG_WARN_EMPTY_BODY = YES;
				CLANG_WARN_ENUM_CONVERSION = YES;
				CLANG_WARN_INFINITE_RECURSION = YES;
				CLANG_WARN_INT_CONVERSION = YES;
				CLANG_WARN_NON_LITERAL_NULL_CONVERSION = YES;
				CLANG_WARN_OBJC_IMPLICIT_RETAIN_SELF = YES;
				CLANG_WARN_OBJC_LITERAL_CONVERSION = YES;
				CLANG_WARN_OBJC_ROOT_CLASS = YES_ERROR;
				CLANG_WARN_QUOTED_INCLUDE_IN_FRAMEWORK_HEADER = YES;
				CLANG_WARN_RANGE_LOOP_ANALYSIS = YES;
				CLANG_WARN_STRICT_PROTOTYPES = YES;
				CLANG_WARN_SUSPICIOUS_MOVE = YES;
				CLANG_WARN_UNGUARDED_AVAILABILITY = YES_AGGRESSIVE;
				CLANG_WARN_UNREACHABLE_CODE = YES;
				CLANG_WARN__DUPLICATE_METHOD_MATCH = YES;
				COPY_PHASE_STRIP = NO;
				DEBUG_INFORMATION_FORMAT = dwarf;
				ENABLE_STRICT_OBJC_MSGSEND = YES;
				ENABLE_TESTABILITY = YES;
				ENABLE_USER_SCRIPT_SANDBOXING = YES;
				GCC_C_LANGUAGE_STANDARD = gnu17;
				GCC_DYNAMIC_NO_PIC = NO;
				GCC_NO_COMMON_BLOCKS = YES;
				GCC_OPTIMIZATION_LEVEL = 0;
				GCC_PREPROCESSOR_DEFINITIONS = (
					"DEBUG=1",
					"$(inherited)",
				);
				GCC_WARN_64_TO_32_BIT_CONVERSION = YES;
				GCC_WARN_ABOUT_RETURN_TYPE = YES_ERROR;
				GCC_WARN_UNDECLARED_SELECTOR = YES;
				GCC_WARN_UNINITIALIZED_AUTOS = YES_AGGRESSIVE;
				GCC_WARN_UNUSED_FUNCTION = YES;
				GCC_WARN_UNUSED_VARIABLE = YES;
				IPHONEOS_DEPLOYMENT_TARGET = 17.5;
				LOCALIZATION_PREFERS_STRING_CATALOGS = YES;
				MTL_ENABLE_DEBUG_INFO = INCLUDE_SOURCE;
				MTL_FAST_MATH = YES;
				ONLY_ACTIVE_ARCH = YES;
				SDKROOT = iphoneos;
				SWIFT_ACTIVE_COMPILATION_CONDITIONS = "DEBUG $(inherited)";
				SWIFT_OPTIMIZATION_LEVEL = "-Onone";
			};
			name = Debug;
		};
		80569A922CD1946E00B8F914 /* Release */ = {
			isa = XCBuildConfiguration;
			buildSettings = {
				ALWAYS_SEARCH_USER_PATHS = NO;
				ASSETCATALOG_COMPILER_GENERATE_SWIFT_ASSET_SYMBOL_EXTENSIONS = YES;
				CLANG_ANALYZER_NONNULL = YES;
				CLANG_ANALYZER_NUMBER_OBJECT_CONVERSION = YES_AGGRESSIVE;
				CLANG_CXX_LANGUAGE_STANDARD = "gnu++20";
				CLANG_ENABLE_MODULES = YES;
				CLANG_ENABLE_OBJC_ARC = YES;
				CLANG_ENABLE_OBJC_WEAK = YES;
				CLANG_WARN_BLOCK_CAPTURE_AUTORELEASING = YES;
				CLANG_WARN_BOOL_CONVERSION = YES;
				CLANG_WARN_COMMA = YES;
				CLANG_WARN_CONSTANT_CONVERSION = YES;
				CLANG_WARN_DEPRECATED_OBJC_IMPLEMENTATIONS = YES;
				CLANG_WARN_DIRECT_OBJC_ISA_USAGE = YES_ERROR;
				CLANG_WARN_DOCUMENTATION_COMMENTS = YES;
				CLANG_WARN_EMPTY_BODY = YES;
				CLANG_WARN_ENUM_CONVERSION = YES;
				CLANG_WARN_INFINITE_RECURSION = YES;
				CLANG_WARN_INT_CONVERSION = YES;
				CLANG_WARN_NON_LITERAL_NULL_CONVERSION = YES;
				CLANG_WARN_OBJC_IMPLICIT_RETAIN_SELF = YES;
				CLANG_WARN_OBJC_LITERAL_CONVERSION = YES;
				CLANG_WARN_OBJC_ROOT_CLASS = YES_ERROR;
				CLANG_WARN_QUOTED_INCLUDE_IN_FRAMEWORK_HEADER = YES;
				CLANG_WARN_RANGE_LOOP_ANALYSIS = YES;
				CLANG_WARN_STRICT_PROTOTYPES = YES;
				CLANG_WARN_SUSPICIOUS_MOVE = YES;
				CLANG_WARN_UNGUARDED_AVAILABILITY = YES_AGGRESSIVE;
				CLANG_WARN_UNREACHABLE_CODE = YES;
				CLANG_WARN__DUPLICATE_METHOD_MATCH = YES;
				COPY_PHASE_STRIP = NO;
				DEBUG_INFORMATION_FORMAT = "dwarf-with-dsym";
				ENABLE_NS_ASSERTIONS = NO;
				ENABLE_STRICT_OBJC_MSGSEND = YES;
				ENABLE_USER_SCRIPT_SANDBOXING = YES;
				GCC_C_LANGUAGE_STANDARD = gnu17;
				GCC_NO_COMMON_BLOCKS = YES;
				GCC_WARN_64_TO_32_BIT_CONVERSION = YES;
				GCC_WARN_ABOUT_RETURN_TYPE = YES_ERROR;
				GCC_WARN_UNDECLARED_SELECTOR = YES;
				GCC_WARN_UNINITIALIZED_AUTOS = YES_AGGRESSIVE;
				GCC_WARN_UNUSED_FUNCTION = YES;
				GCC_WARN_UNUSED_VARIABLE = YES;
				IPHONEOS_DEPLOYMENT_TARGET = 17.5;
				LOCALIZATION_PREFERS_STRING_CATALOGS = YES;
				MTL_ENABLE_DEBUG_INFO = NO;
				MTL_FAST_MATH = YES;
				SDKROOT = iphoneos;
				SWIFT_COMPILATION_MODE = wholemodule;
				VALIDATE_PRODUCT = YES;
			};
			name = Release;
		};
		80569A942CD1946E00B8F914 /* Debug */ = {
			isa = XCBuildConfiguration;
			buildSettings = {
				ASSETCATALOG_COMPILER_APPICON_NAME = AppIcon;
				ASSETCATALOG_COMPILER_GLOBAL_ACCENT_COLOR_NAME = AccentColor;
				CODE_SIGN_STYLE = Automatic;
				CURRENT_PROJECT_VERSION = 1;
				DEVELOPMENT_ASSET_PATHS = "\"291024/Preview Content\"";
				ENABLE_PREVIEWS = YES;
				GENERATE_INFOPLIST_FILE = YES;
				INFOPLIST_KEY_UIApplicationSceneManifest_Generation = YES;
				INFOPLIST_KEY_UIApplicationSupportsIndirectInputEvents = YES;
				INFOPLIST_KEY_UILaunchScreen_Generation = YES;
				INFOPLIST_KEY_UISupportedInterfaceOrientations_iPad = "UIInterfaceOrientationPortrait UIInterfaceOrientationPortraitUpsideDown UIInterfaceOrientationLandscapeLeft UIInterfaceOrientationLandscapeRight";
				INFOPLIST_KEY_UISupportedInterfaceOrientations_iPhone = "UIInterfaceOrientationPortrait UIInterfaceOrientationLandscapeLeft UIInterfaceOrientationLandscapeRight";
				LD_RUNPATH_SEARCH_PATHS = (
					"$(inherited)",
					"@executable_path/Frameworks",
				);
				MARKETING_VERSION = 1.0;
				PRODUCT_BUNDLE_IDENTIFIER = "hacka.-91024";
				PRODUCT_NAME = "$(TARGET_NAME)";
				SWIFT_EMIT_LOC_STRINGS = YES;
				SWIFT_VERSION = 5.0;
				TARGETED_DEVICE_FAMILY = "1,2";
			};
			name = Debug;
		};
		80569A952CD1946E00B8F914 /* Release */ = {
			isa = XCBuildConfiguration;
			buildSettings = {
				ASSETCATALOG_COMPILER_APPICON_NAME = AppIcon;
				ASSETCATALOG_COMPILER_GLOBAL_ACCENT_COLOR_NAME = AccentColor;
				CODE_SIGN_STYLE = Automatic;
				CURRENT_PROJECT_VERSION = 1;
				DEVELOPMENT_ASSET_PATHS = "\"291024/Preview Content\"";
				ENABLE_PREVIEWS = YES;
				GENERATE_INFOPLIST_FILE = YES;
				INFOPLIST_KEY_UIApplicationSceneManifest_Generation = YES;
				INFOPLIST_KEY_UIApplicationSupportsIndirectInputEvents = YES;
				INFOPLIST_KEY_UILaunchScreen_Generation = YES;
				INFOPLIST_KEY_UISupportedInterfaceOrientations_iPad = "UIInterfaceOrientationPortrait UIInterfaceOrientationPortraitUpsideDown UIInterfaceOrientationLandscapeLeft UIInterfaceOrientationLandscapeRight";
				INFOPLIST_KEY_UISupportedInterfaceOrientations_iPhone = "UIInterfaceOrientationPortrait UIInterfaceOrientationLandscapeLeft UIInterfaceOrientationLandscapeRight";
				LD_RUNPATH_SEARCH_PATHS = (
					"$(inherited)",
					"@executable_path/Frameworks",
				);
				MARKETING_VERSION = 1.0;
				PRODUCT_BUNDLE_IDENTIFIER = "hacka.-91024";
				PRODUCT_NAME = "$(TARGET_NAME)";
				SWIFT_EMIT_LOC_STRINGS = YES;
				SWIFT_VERSION = 5.0;
				TARGETED_DEVICE_FAMILY = "1,2";
			};
			name = Release;
		};
		80569A972CD1946E00B8F914 /* Debug */ = {
			isa = XCBuildConfiguration;
			buildSettings = {
				ALWAYS_EMBED_SWIFT_STANDARD_LIBRARIES = YES;
				BUNDLE_LOADER = "$(TEST_HOST)";
				CODE_SIGN_STYLE = Automatic;
				CURRENT_PROJECT_VERSION = 1;
				GENERATE_INFOPLIST_FILE = YES;
				IPHONEOS_DEPLOYMENT_TARGET = 17.5;
				MARKETING_VERSION = 1.0;
				PRODUCT_BUNDLE_IDENTIFIER = "hacka.-91024Tests";
				PRODUCT_NAME = "$(TARGET_NAME)";
				SWIFT_EMIT_LOC_STRINGS = NO;
				SWIFT_VERSION = 5.0;
				TARGETED_DEVICE_FAMILY = "1,2";
				TEST_HOST = "$(BUILT_PRODUCTS_DIR)/291024.app/$(BUNDLE_EXECUTABLE_FOLDER_PATH)/291024";
			};
			name = Debug;
		};
		80569A982CD1946E00B8F914 /* Release */ = {
			isa = XCBuildConfiguration;
			buildSettings = {
				ALWAYS_EMBED_SWIFT_STANDARD_LIBRARIES = YES;
				BUNDLE_LOADER = "$(TEST_HOST)";
				CODE_SIGN_STYLE = Automatic;
				CURRENT_PROJECT_VERSION = 1;
				GENERATE_INFOPLIST_FILE = YES;
				IPHONEOS_DEPLOYMENT_TARGET = 17.5;
				MARKETING_VERSION = 1.0;
				PRODUCT_BUNDLE_IDENTIFIER = "hacka.-91024Tests";
				PRODUCT_NAME = "$(TARGET_NAME)";
				SWIFT_EMIT_LOC_STRINGS = NO;
				SWIFT_VERSION = 5.0;
				TARGETED_DEVICE_FAMILY = "1,2";
				TEST_HOST = "$(BUILT_PRODUCTS_DIR)/291024.app/$(BUNDLE_EXECUTABLE_FOLDER_PATH)/291024";
			};
			name = Release;
		};
		80569A9A2CD1946E00B8F914 /* Debug */ = {
			isa = XCBuildConfiguration;
			buildSettings = {
				ALWAYS_EMBED_SWIFT_STANDARD_LIBRARIES = YES;
				CODE_SIGN_STYLE = Automatic;
				CURRENT_PROJECT_VERSION = 1;
				GENERATE_INFOPLIST_FILE = YES;
				MARKETING_VERSION = 1.0;
				PRODUCT_BUNDLE_IDENTIFIER = "hacka.-91024UITests";
				PRODUCT_NAME = "$(TARGET_NAME)";
				SWIFT_EMIT_LOC_STRINGS = NO;
				SWIFT_VERSION = 5.0;
				TARGETED_DEVICE_FAMILY = "1,2";
				TEST_TARGET_NAME = 291024;
			};
			name = Debug;
		};
		80569A9B2CD1946E00B8F914 /* Release */ = {
			isa = XCBuildConfiguration;
			buildSettings = {
				ALWAYS_EMBED_SWIFT_STANDARD_LIBRARIES = YES;
				CODE_SIGN_STYLE = Automatic;
				CURRENT_PROJECT_VERSION = 1;
				GENERATE_INFOPLIST_FILE = YES;
				MARKETING_VERSION = 1.0;
				PRODUCT_BUNDLE_IDENTIFIER = "hacka.-91024UITests";
				PRODUCT_NAME = "$(TARGET_NAME)";
				SWIFT_EMIT_LOC_STRINGS = NO;
				SWIFT_VERSION = 5.0;
				TARGETED_DEVICE_FAMILY = "1,2";
				TEST_TARGET_NAME = 291024;
			};
			name = Release;
		};
/* End XCBuildConfiguration section */

/* Begin XCConfigurationList section */
		80569A6A2CD1946C00B8F914 /* Build configuration list for PBXProject "291024" */ = {
			isa = XCConfigurationList;
			buildConfigurations = (
				80569A912CD1946E00B8F914 /* Debug */,
				80569A922CD1946E00B8F914 /* Release */,
			);
			defaultConfigurationIsVisible = 0;
			defaultConfigurationName = Release;
		};
		80569A932CD1946E00B8F914 /* Build configuration list for PBXNativeTarget "291024" */ = {
			isa = XCConfigurationList;
			buildConfigurations = (
				80569A942CD1946E00B8F914 /* Debug */,
				80569A952CD1946E00B8F914 /* Release */,
			);
			defaultConfigurationIsVisible = 0;
			defaultConfigurationName = Release;
		};
		80569A962CD1946E00B8F914 /* Build configuration list for PBXNativeTarget "291024Tests" */ = {
			isa = XCConfigurationList;
			buildConfigurations = (
				80569A972CD1946E00B8F914 /* Debug */,
				80569A982CD1946E00B8F914 /* Release */,
			);
			defaultConfigurationIsVisible = 0;
			defaultConfigurationName = Release;
		};
		80569A992CD1946E00B8F914 /* Build configuration list for PBXNativeTarget "291024UITests" */ = {
			isa = XCConfigurationList;
			buildConfigurations = (
				80569A9A2CD1946E00B8F914 /* Debug */,
				80569A9B2CD1946E00B8F914 /* Release */,
			);
			defaultConfigurationIsVisible = 0;
			defaultConfigurationName = Release;
		};
/* End XCConfigurationList section */
	};
	rootObject = 80569A672CD1946C00B8F914 /* Project object */;
}
