// !$*UTF8*$!
{
	archiveVersion = 1;
	classes = {
	};
	objectVersion = 56;
	objects = {

/* Begin PBXBuildFile section */
		80569AE92CD2F78A00B8F914 /* _01024Desafio2App.swift in Sources */ = {isa = PBXBuildFile; fileRef = 80569AE82CD2F78A00B8F914 /* _01024Desafio2App.swift */; };
		80569AEB2CD2F78A00B8F914 /* ContentView.swift in Sources */ = {isa = PBXBuildFile; fileRef = 80569AEA2CD2F78A00B8F914 /* ContentView.swift */; };
		80569AED2CD2F78C00B8F914 /* Assets.xcassets in Resources */ = {isa = PBXBuildFile; fileRef = 80569AEC2CD2F78C00B8F914 /* Assets.xcassets */; };
		80569AF02CD2F78C00B8F914 /* Preview Assets.xcassets in Resources */ = {isa = PBXBuildFile; fileRef = 80569AEF2CD2F78C00B8F914 /* Preview Assets.xcassets */; };
		80569AFA2CD2F78C00B8F914 /* _01024Desafio2Tests.swift in Sources */ = {isa = PBXBuildFile; fileRef = 80569AF92CD2F78C00B8F914 /* _01024Desafio2Tests.swift */; };
		80569B042CD2F78C00B8F914 /* _01024Desafio2UITests.swift in Sources */ = {isa = PBXBuildFile; fileRef = 80569B032CD2F78C00B8F914 /* _01024Desafio2UITests.swift */; };
		80569B062CD2F78C00B8F914 /* _01024Desafio2UITestsLaunchTests.swift in Sources */ = {isa = PBXBuildFile; fileRef = 80569B052CD2F78C00B8F914 /* _01024Desafio2UITestsLaunchTests.swift */; };
		80569B132CD2FFD700B8F914 /* SheetView.swift in Sources */ = {isa = PBXBuildFile; fileRef = 80569B122CD2FFD700B8F914 /* SheetView.swift */; };
		80569B152CD302FF00B8F914 /* TextFieldView.swift in Sources */ = {isa = PBXBuildFile; fileRef = 80569B142CD302FF00B8F914 /* TextFieldView.swift */; };
		80569B172CD3063B00B8F914 /* ScannerView.swift in Sources */ = {isa = PBXBuildFile; fileRef = 80569B162CD3063B00B8F914 /* ScannerView.swift */; };
/* End PBXBuildFile section */

/* Begin PBXContainerItemProxy section */
		80569AF62CD2F78C00B8F914 /* PBXContainerItemProxy */ = {
			isa = PBXContainerItemProxy;
			containerPortal = 80569ADD2CD2F78A00B8F914 /* Project object */;
			proxyType = 1;
			remoteGlobalIDString = 80569AE42CD2F78A00B8F914;
			remoteInfo = 301024Desafio2;
		};
		80569B002CD2F78C00B8F914 /* PBXContainerItemProxy */ = {
			isa = PBXContainerItemProxy;
			containerPortal = 80569ADD2CD2F78A00B8F914 /* Project object */;
			proxyType = 1;
			remoteGlobalIDString = 80569AE42CD2F78A00B8F914;
			remoteInfo = 301024Desafio2;
		};
/* End PBXContainerItemProxy section */

/* Begin PBXFileReference section */
		80569AE52CD2F78A00B8F914 /* 301024Desafio2.app */ = {isa = PBXFileReference; explicitFileType = wrapper.application; includeInIndex = 0; path = 301024Desafio2.app; sourceTree = BUILT_PRODUCTS_DIR; };
		80569AE82CD2F78A00B8F914 /* _01024Desafio2App.swift */ = {isa = PBXFileReference; lastKnownFileType = sourcecode.swift; path = _01024Desafio2App.swift; sourceTree = "<group>"; };
		80569AEA2CD2F78A00B8F914 /* ContentView.swift */ = {isa = PBXFileReference; lastKnownFileType = sourcecode.swift; path = ContentView.swift; sourceTree = "<group>"; };
		80569AEC2CD2F78C00B8F914 /* Assets.xcassets */ = {isa = PBXFileReference; lastKnownFileType = folder.assetcatalog; path = Assets.xcassets; sourceTree = "<group>"; };
		80569AEF2CD2F78C00B8F914 /* Preview Assets.xcassets */ = {isa = PBXFileReference; lastKnownFileType = folder.assetcatalog; path = "Preview Assets.xcassets"; sourceTree = "<group>"; };
		80569AF52CD2F78C00B8F914 /* 301024Desafio2Tests.xctest */ = {isa = PBXFileReference; explicitFileType = wrapper.cfbundle; includeInIndex = 0; path = 301024Desafio2Tests.xctest; sourceTree = BUILT_PRODUCTS_DIR; };
		80569AF92CD2F78C00B8F914 /* _01024Desafio2Tests.swift */ = {isa = PBXFileReference; lastKnownFileType = sourcecode.swift; path = _01024Desafio2Tests.swift; sourceTree = "<group>"; };
		80569AFF2CD2F78C00B8F914 /* 301024Desafio2UITests.xctest */ = {isa = PBXFileReference; explicitFileType = wrapper.cfbundle; includeInIndex = 0; path = 301024Desafio2UITests.xctest; sourceTree = BUILT_PRODUCTS_DIR; };
		80569B032CD2F78C00B8F914 /* _01024Desafio2UITests.swift */ = {isa = PBXFileReference; lastKnownFileType = sourcecode.swift; path = _01024Desafio2UITests.swift; sourceTree = "<group>"; };
		80569B052CD2F78C00B8F914 /* _01024Desafio2UITestsLaunchTests.swift */ = {isa = PBXFileReference; lastKnownFileType = sourcecode.swift; path = _01024Desafio2UITestsLaunchTests.swift; sourceTree = "<group>"; };
		80569B122CD2FFD700B8F914 /* SheetView.swift */ = {isa = PBXFileReference; lastKnownFileType = sourcecode.swift; path = SheetView.swift; sourceTree = "<group>"; };
		80569B142CD302FF00B8F914 /* TextFieldView.swift */ = {isa = PBXFileReference; lastKnownFileType = sourcecode.swift; path = TextFieldView.swift; sourceTree = "<group>"; };
		80569B162CD3063B00B8F914 /* ScannerView.swift */ = {isa = PBXFileReference; lastKnownFileType = sourcecode.swift; path = ScannerView.swift; sourceTree = "<group>"; };
/* End PBXFileReference section */

/* Begin PBXFrameworksBuildPhase section */
		80569AE22CD2F78A00B8F914 /* Frameworks */ = {
			isa = PBXFrameworksBuildPhase;
			buildActionMask = 2147483647;
			files = (
			);
			runOnlyForDeploymentPostprocessing = 0;
		};
		80569AF22CD2F78C00B8F914 /* Frameworks */ = {
			isa = PBXFrameworksBuildPhase;
			buildActionMask = 2147483647;
			files = (
			);
			runOnlyForDeploymentPostprocessing = 0;
		};
		80569AFC2CD2F78C00B8F914 /* Frameworks */ = {
			isa = PBXFrameworksBuildPhase;
			buildActionMask = 2147483647;
			files = (
			);
			runOnlyForDeploymentPostprocessing = 0;
		};
/* End PBXFrameworksBuildPhase section */

/* Begin PBXGroup section */
		80569ADC2CD2F78A00B8F914 = {
			isa = PBXGroup;
			children = (
				80569AE72CD2F78A00B8F914 /* 301024Desafio2 */,
				80569AF82CD2F78C00B8F914 /* 301024Desafio2Tests */,
				80569B022CD2F78C00B8F914 /* 301024Desafio2UITests */,
				80569AE62CD2F78A00B8F914 /* Products */,
			);
			sourceTree = "<group>";
		};
		80569AE62CD2F78A00B8F914 /* Products */ = {
			isa = PBXGroup;
			children = (
				80569AE52CD2F78A00B8F914 /* 301024Desafio2.app */,
				80569AF52CD2F78C00B8F914 /* 301024Desafio2Tests.xctest */,
				80569AFF2CD2F78C00B8F914 /* 301024Desafio2UITests.xctest */,
			);
			name = Products;
			sourceTree = "<group>";
		};
		80569AE72CD2F78A00B8F914 /* 301024Desafio2 */ = {
			isa = PBXGroup;
			children = (
				80569AE82CD2F78A00B8F914 /* _01024Desafio2App.swift */,
				80569AEA2CD2F78A00B8F914 /* ContentView.swift */,
				80569AEC2CD2F78C00B8F914 /* Assets.xcassets */,
				80569AEE2CD2F78C00B8F914 /* Preview Content */,
				80569B122CD2FFD700B8F914 /* SheetView.swift */,
				80569B142CD302FF00B8F914 /* TextFieldView.swift */,
				80569B162CD3063B00B8F914 /* ScannerView.swift */,
			);
			path = 301024Desafio2;
			sourceTree = "<group>";
		};
		80569AEE2CD2F78C00B8F914 /* Preview Content */ = {
			isa = PBXGroup;
			children = (
				80569AEF2CD2F78C00B8F914 /* Preview Assets.xcassets */,
			);
			path = "Preview Content";
			sourceTree = "<group>";
		};
		80569AF82CD2F78C00B8F914 /* 301024Desafio2Tests */ = {
			isa = PBXGroup;
			children = (
				80569AF92CD2F78C00B8F914 /* _01024Desafio2Tests.swift */,
			);
			path = 301024Desafio2Tests;
			sourceTree = "<group>";
		};
		80569B022CD2F78C00B8F914 /* 301024Desafio2UITests */ = {
			isa = PBXGroup;
			children = (
				80569B032CD2F78C00B8F914 /* _01024Desafio2UITests.swift */,
				80569B052CD2F78C00B8F914 /* _01024Desafio2UITestsLaunchTests.swift */,
			);
			path = 301024Desafio2UITests;
			sourceTree = "<group>";
		};
/* End PBXGroup section */

/* Begin PBXNativeTarget section */
		80569AE42CD2F78A00B8F914 /* 301024Desafio2 */ = {
			isa = PBXNativeTarget;
			buildConfigurationList = 80569B092CD2F78C00B8F914 /* Build configuration list for PBXNativeTarget "301024Desafio2" */;
			buildPhases = (
				80569AE12CD2F78A00B8F914 /* Sources */,
				80569AE22CD2F78A00B8F914 /* Frameworks */,
				80569AE32CD2F78A00B8F914 /* Resources */,
			);
			buildRules = (
			);
			dependencies = (
			);
			name = 301024Desafio2;
			productName = 301024Desafio2;
			productReference = 80569AE52CD2F78A00B8F914 /* 301024Desafio2.app */;
			productType = "com.apple.product-type.application";
		};
		80569AF42CD2F78C00B8F914 /* 301024Desafio2Tests */ = {
			isa = PBXNativeTarget;
			buildConfigurationList = 80569B0C2CD2F78C00B8F914 /* Build configuration list for PBXNativeTarget "301024Desafio2Tests" */;
			buildPhases = (
				80569AF12CD2F78C00B8F914 /* Sources */,
				80569AF22CD2F78C00B8F914 /* Frameworks */,
				80569AF32CD2F78C00B8F914 /* Resources */,
			);
			buildRules = (
			);
			dependencies = (
				80569AF72CD2F78C00B8F914 /* PBXTargetDependency */,
			);
			name = 301024Desafio2Tests;
			productName = 301024Desafio2Tests;
			productReference = 80569AF52CD2F78C00B8F914 /* 301024Desafio2Tests.xctest */;
			productType = "com.apple.product-type.bundle.unit-test";
		};
		80569AFE2CD2F78C00B8F914 /* 301024Desafio2UITests */ = {
			isa = PBXNativeTarget;
			buildConfigurationList = 80569B0F2CD2F78C00B8F914 /* Build configuration list for PBXNativeTarget "301024Desafio2UITests" */;
			buildPhases = (
				80569AFB2CD2F78C00B8F914 /* Sources */,
				80569AFC2CD2F78C00B8F914 /* Frameworks */,
				80569AFD2CD2F78C00B8F914 /* Resources */,
			);
			buildRules = (
			);
			dependencies = (
				80569B012CD2F78C00B8F914 /* PBXTargetDependency */,
			);
			name = 301024Desafio2UITests;
			productName = 301024Desafio2UITests;
			productReference = 80569AFF2CD2F78C00B8F914 /* 301024Desafio2UITests.xctest */;
			productType = "com.apple.product-type.bundle.ui-testing";
		};
/* End PBXNativeTarget section */

/* Begin PBXProject section */
		80569ADD2CD2F78A00B8F914 /* Project object */ = {
			isa = PBXProject;
			attributes = {
				BuildIndependentTargetsInParallel = 1;
				LastSwiftUpdateCheck = 1540;
				LastUpgradeCheck = 1540;
				TargetAttributes = {
					80569AE42CD2F78A00B8F914 = {
						CreatedOnToolsVersion = 15.4;
					};
					80569AF42CD2F78C00B8F914 = {
						CreatedOnToolsVersion = 15.4;
						TestTargetID = 80569AE42CD2F78A00B8F914;
					};
					80569AFE2CD2F78C00B8F914 = {
						CreatedOnToolsVersion = 15.4;
						TestTargetID = 80569AE42CD2F78A00B8F914;
					};
				};
			};
			buildConfigurationList = 80569AE02CD2F78A00B8F914 /* Build configuration list for PBXProject "301024Desafio2" */;
			compatibilityVersion = "Xcode 14.0";
			developmentRegion = en;
			hasScannedForEncodings = 0;
			knownRegions = (
				en,
				Base,
			);
			mainGroup = 80569ADC2CD2F78A00B8F914;
			productRefGroup = 80569AE62CD2F78A00B8F914 /* Products */;
			projectDirPath = "";
			projectRoot = "";
			targets = (
				80569AE42CD2F78A00B8F914 /* 301024Desafio2 */,
				80569AF42CD2F78C00B8F914 /* 301024Desafio2Tests */,
				80569AFE2CD2F78C00B8F914 /* 301024Desafio2UITests */,
			);
		};
/* End PBXProject section */

/* Begin PBXResourcesBuildPhase section */
		80569AE32CD2F78A00B8F914 /* Resources */ = {
			isa = PBXResourcesBuildPhase;
			buildActionMask = 2147483647;
			files = (
				80569AF02CD2F78C00B8F914 /* Preview Assets.xcassets in Resources */,
				80569AED2CD2F78C00B8F914 /* Assets.xcassets in Resources */,
			);
			runOnlyForDeploymentPostprocessing = 0;
		};
		80569AF32CD2F78C00B8F914 /* Resources */ = {
			isa = PBXResourcesBuildPhase;
			buildActionMask = 2147483647;
			files = (
			);
			runOnlyForDeploymentPostprocessing = 0;
		};
		80569AFD2CD2F78C00B8F914 /* Resources */ = {
			isa = PBXResourcesBuildPhase;
			buildActionMask = 2147483647;
			files = (
			);
			runOnlyForDeploymentPostprocessing = 0;
		};
/* End PBXResourcesBuildPhase section */

/* Begin PBXSourcesBuildPhase section */
		80569AE12CD2F78A00B8F914 /* Sources */ = {
			isa = PBXSourcesBuildPhase;
			buildActionMask = 2147483647;
			files = (
				80569AEB2CD2F78A00B8F914 /* ContentView.swift in Sources */,
				80569B132CD2FFD700B8F914 /* SheetView.swift in Sources */,
				80569B152CD302FF00B8F914 /* TextFieldView.swift in Sources */,
				80569AE92CD2F78A00B8F914 /* _01024Desafio2App.swift in Sources */,
				80569B172CD3063B00B8F914 /* ScannerView.swift in Sources */,
			);
			runOnlyForDeploymentPostprocessing = 0;
		};
		80569AF12CD2F78C00B8F914 /* Sources */ = {
			isa = PBXSourcesBuildPhase;
			buildActionMask = 2147483647;
			files = (
				80569AFA2CD2F78C00B8F914 /* _01024Desafio2Tests.swift in Sources */,
			);
			runOnlyForDeploymentPostprocessing = 0;
		};
		80569AFB2CD2F78C00B8F914 /* Sources */ = {
			isa = PBXSourcesBuildPhase;
			buildActionMask = 2147483647;
			files = (
				80569B042CD2F78C00B8F914 /* _01024Desafio2UITests.swift in Sources */,
				80569B062CD2F78C00B8F914 /* _01024Desafio2UITestsLaunchTests.swift in Sources */,
			);
			runOnlyForDeploymentPostprocessing = 0;
		};
/* End PBXSourcesBuildPhase section */

/* Begin PBXTargetDependency section */
		80569AF72CD2F78C00B8F914 /* PBXTargetDependency */ = {
			isa = PBXTargetDependency;
			target = 80569AE42CD2F78A00B8F914 /* 301024Desafio2 */;
			targetProxy = 80569AF62CD2F78C00B8F914 /* PBXContainerItemProxy */;
		};
		80569B012CD2F78C00B8F914 /* PBXTargetDependency */ = {
			isa = PBXTargetDependency;
			target = 80569AE42CD2F78A00B8F914 /* 301024Desafio2 */;
			targetProxy = 80569B002CD2F78C00B8F914 /* PBXContainerItemProxy */;
		};
/* End PBXTargetDependency section */

/* Begin XCBuildConfiguration section */
		80569B072CD2F78C00B8F914 /* Debug */ = {
			isa = XCBuildConfiguration;
			buildSettings = {
				ALWAYS_SEARCH_USER_PATHS = NO;
				ASSETCATALOG_COMPILER_GENERATE_SWIFT_ASSET_SYMBOL_EXTENSIONS = YES;
				CLANG_ANALYZER_NONNULL = YES;
				CLANG_ANALYZER_NUMBER_OBJECT_CONVERSION = YES_AGGRESSIVE;
				CLANG_CXX_LANGUAGE_STANDARD = "gnu++20";
				CLANG_ENABLE_MODULES = YES;
				CLANG_ENABLE_OBJC_ARC = YES;
				CLANG_ENABLE_OBJC_WEAK = YES;
				CLANG_WARN_BLOCK_CAPTURE_AUTORELEASING = YES;
				CLANG_WARN_BOOL_CONVERSION = YES;
				CLANG_WARN_COMMA = YES;
				CLANG_WARN_CONSTANT_CONVERSION = YES;
				CLANG_WARN_DEPRECATED_OBJC_IMPLEMENTATIONS = YES;
				CLANG_WARN_DIRECT_OBJC_ISA_USAGE = YES_ERROR;
				CLANG_WARN_DOCUMENTATION_COMMENTS = YES;
				CLANG_WARN_EMPTY_BODY = YES;
				CLANG_WARN_ENUM_CONVERSION = YES;
				CLANG_WARN_INFINITE_RECURSION = YES;
				CLANG_WARN_INT_CONVERSION = YES;
				CLANG_WARN_NON_LITERAL_NULL_CONVERSION = YES;
				CLANG_WARN_OBJC_IMPLICIT_RETAIN_SELF = YES;
				CLANG_WARN_OBJC_LITERAL_CONVERSION = YES;
				CLANG_WARN_OBJC_ROOT_CLASS = YES_ERROR;
				CLANG_WARN_QUOTED_INCLUDE_IN_FRAMEWORK_HEADER = YES;
				CLANG_WARN_RANGE_LOOP_ANALYSIS = YES;
				CLANG_WARN_STRICT_PROTOTYPES = YES;
				CLANG_WARN_SUSPICIOUS_MOVE = YES;
				CLANG_WARN_UNGUARDED_AVAILABILITY = YES_AGGRESSIVE;
				CLANG_WARN_UNREACHABLE_CODE = YES;
				CLANG_WARN__DUPLICATE_METHOD_MATCH = YES;
				COPY_PHASE_STRIP = NO;
				DEBUG_INFORMATION_FORMAT = dwarf;
				ENABLE_STRICT_OBJC_MSGSEND = YES;
				ENABLE_TESTABILITY = YES;
				ENABLE_USER_SCRIPT_SANDBOXING = YES;
				GCC_C_LANGUAGE_STANDARD = gnu17;
				GCC_DYNAMIC_NO_PIC = NO;
				GCC_NO_COMMON_BLOCKS = YES;
				GCC_OPTIMIZATION_LEVEL = 0;
				GCC_PREPROCESSOR_DEFINITIONS = (
					"DEBUG=1",
					"$(inherited)",
				);
				GCC_WARN_64_TO_32_BIT_CONVERSION = YES;
				GCC_WARN_ABOUT_RETURN_TYPE = YES_ERROR;
				GCC_WARN_UNDECLARED_SELECTOR = YES;
				GCC_WARN_UNINITIALIZED_AUTOS = YES_AGGRESSIVE;
				GCC_WARN_UNUSED_FUNCTION = YES;
				GCC_WARN_UNUSED_VARIABLE = YES;
				IPHONEOS_DEPLOYMENT_TARGET = 17.5;
				LOCALIZATION_PREFERS_STRING_CATALOGS = YES;
				MTL_ENABLE_DEBUG_INFO = INCLUDE_SOURCE;
				MTL_FAST_MATH = YES;
				ONLY_ACTIVE_ARCH = YES;
				SDKROOT = iphoneos;
				SWIFT_ACTIVE_COMPILATION_CONDITIONS = "DEBUG $(inherited)";
				SWIFT_OPTIMIZATION_LEVEL = "-Onone";
			};
			name = Debug;
		};
		80569B082CD2F78C00B8F914 /* Release */ = {
			isa = XCBuildConfiguration;
			buildSettings = {
				ALWAYS_SEARCH_USER_PATHS = NO;
				ASSETCATALOG_COMPILER_GENERATE_SWIFT_ASSET_SYMBOL_EXTENSIONS = YES;
				CLANG_ANALYZER_NONNULL = YES;
				CLANG_ANALYZER_NUMBER_OBJECT_CONVERSION = YES_AGGRESSIVE;
				CLANG_CXX_LANGUAGE_STANDARD = "gnu++20";
				CLANG_ENABLE_MODULES = YES;
				CLANG_ENABLE_OBJC_ARC = YES;
				CLANG_ENABLE_OBJC_WEAK = YES;
				CLANG_WARN_BLOCK_CAPTURE_AUTORELEASING = YES;
				CLANG_WARN_BOOL_CONVERSION = YES;
				CLANG_WARN_COMMA = YES;
				CLANG_WARN_CONSTANT_CONVERSION = YES;
				CLANG_WARN_DEPRECATED_OBJC_IMPLEMENTATIONS = YES;
				CLANG_WARN_DIRECT_OBJC_ISA_USAGE = YES_ERROR;
				CLANG_WARN_DOCUMENTATION_COMMENTS = YES;
				CLANG_WARN_EMPTY_BODY = YES;
				CLANG_WARN_ENUM_CONVERSION = YES;
				CLANG_WARN_INFINITE_RECURSION = YES;
				CLANG_WARN_INT_CONVERSION = YES;
				CLANG_WARN_NON_LITERAL_NULL_CONVERSION = YES;
				CLANG_WARN_OBJC_IMPLICIT_RETAIN_SELF = YES;
				CLANG_WARN_OBJC_LITERAL_CONVERSION = YES;
				CLANG_WARN_OBJC_ROOT_CLASS = YES_ERROR;
				CLANG_WARN_QUOTED_INCLUDE_IN_FRAMEWORK_HEADER = YES;
				CLANG_WARN_RANGE_LOOP_ANALYSIS = YES;
				CLANG_WARN_STRICT_PROTOTYPES = YES;
				CLANG_WARN_SUSPICIOUS_MOVE = YES;
				CLANG_WARN_UNGUARDED_AVAILABILITY = YES_AGGRESSIVE;
				CLANG_WARN_UNREACHABLE_CODE = YES;
				CLANG_WARN__DUPLICATE_METHOD_MATCH = YES;
				COPY_PHASE_STRIP = NO;
				DEBUG_INFORMATION_FORMAT = "dwarf-with-dsym";
				ENABLE_NS_ASSERTIONS = NO;
				ENABLE_STRICT_OBJC_MSGSEND = YES;
				ENABLE_USER_SCRIPT_SANDBOXING = YES;
				GCC_C_LANGUAGE_STANDARD = gnu17;
				GCC_NO_COMMON_BLOCKS = YES;
				GCC_WARN_64_TO_32_BIT_CONVERSION = YES;
				GCC_WARN_ABOUT_RETURN_TYPE = YES_ERROR;
				GCC_WARN_UNDECLARED_SELECTOR = YES;
				GCC_WARN_UNINITIALIZED_AUTOS = YES_AGGRESSIVE;
				GCC_WARN_UNUSED_FUNCTION = YES;
				GCC_WARN_UNUSED_VARIABLE = YES;
				IPHONEOS_DEPLOYMENT_TARGET = 17.5;
				LOCALIZATION_PREFERS_STRING_CATALOGS = YES;
				MTL_ENABLE_DEBUG_INFO = NO;
				MTL_FAST_MATH = YES;
				SDKROOT = iphoneos;
				SWIFT_COMPILATION_MODE = wholemodule;
				VALIDATE_PRODUCT = YES;
			};
			name = Release;
		};
		80569B0A2CD2F78C00B8F914 /* Debug */ = {
			isa = XCBuildConfiguration;
			buildSettings = {
				ASSETCATALOG_COMPILER_APPICON_NAME = AppIcon;
				ASSETCATALOG_COMPILER_GLOBAL_ACCENT_COLOR_NAME = AccentColor;
				CODE_SIGN_STYLE = Automatic;
				CURRENT_PROJECT_VERSION = 1;
				DEVELOPMENT_ASSET_PATHS = "\"301024Desafio2/Preview Content\"";
				ENABLE_PREVIEWS = YES;
				GENERATE_INFOPLIST_FILE = YES;
				INFOPLIST_KEY_UIApplicationSceneManifest_Generation = YES;
				INFOPLIST_KEY_UIApplicationSupportsIndirectInputEvents = YES;
				INFOPLIST_KEY_UILaunchScreen_Generation = YES;
				INFOPLIST_KEY_UISupportedInterfaceOrientations_iPad = "UIInterfaceOrientationPortrait UIInterfaceOrientationPortraitUpsideDown UIInterfaceOrientationLandscapeLeft UIInterfaceOrientationLandscapeRight";
				INFOPLIST_KEY_UISupportedInterfaceOrientations_iPhone = "UIInterfaceOrientationPortrait UIInterfaceOrientationLandscapeLeft UIInterfaceOrientationLandscapeRight";
				LD_RUNPATH_SEARCH_PATHS = (
					"$(inherited)",
					"@executable_path/Frameworks",
				);
				MARKETING_VERSION = 1.0;
				PRODUCT_BUNDLE_IDENTIFIER = "hacka.-01024Desafio2";
				PRODUCT_NAME = "$(TARGET_NAME)";
				SWIFT_EMIT_LOC_STRINGS = YES;
				SWIFT_VERSION = 5.0;
				TARGETED_DEVICE_FAMILY = "1,2";
			};
			name = Debug;
		};
		80569B0B2CD2F78C00B8F914 /* Release */ = {
			isa = XCBuildConfiguration;
			buildSettings = {
				ASSETCATALOG_COMPILER_APPICON_NAME = AppIcon;
				ASSETCATALOG_COMPILER_GLOBAL_ACCENT_COLOR_NAME = AccentColor;
				CODE_SIGN_STYLE = Automatic;
				CURRENT_PROJECT_VERSION = 1;
				DEVELOPMENT_ASSET_PATHS = "\"301024Desafio2/Preview Content\"";
				ENABLE_PREVIEWS = YES;
				GENERATE_INFOPLIST_FILE = YES;
				INFOPLIST_KEY_UIApplicationSceneManifest_Generation = YES;
				INFOPLIST_KEY_UIApplicationSupportsIndirectInputEvents = YES;
				INFOPLIST_KEY_UILaunchScreen_Generation = YES;
				INFOPLIST_KEY_UISupportedInterfaceOrientations_iPad = "UIInterfaceOrientationPortrait UIInterfaceOrientationPortraitUpsideDown UIInterfaceOrientationLandscapeLeft UIInterfaceOrientationLandscapeRight";
				INFOPLIST_KEY_UISupportedInterfaceOrientations_iPhone = "UIInterfaceOrientationPortrait UIInterfaceOrientationLandscapeLeft UIInterfaceOrientationLandscapeRight";
				LD_RUNPATH_SEARCH_PATHS = (
					"$(inherited)",
					"@executable_path/Frameworks",
				);
				MARKETING_VERSION = 1.0;
				PRODUCT_BUNDLE_IDENTIFIER = "hacka.-01024Desafio2";
				PRODUCT_NAME = "$(TARGET_NAME)";
				SWIFT_EMIT_LOC_STRINGS = YES;
				SWIFT_VERSION = 5.0;
				TARGETED_DEVICE_FAMILY = "1,2";
			};
			name = Release;
		};
		80569B0D2CD2F78C00B8F914 /* Debug */ = {
			isa = XCBuildConfiguration;
			buildSettings = {
				ALWAYS_EMBED_SWIFT_STANDARD_LIBRARIES = YES;
				BUNDLE_LOADER = "$(TEST_HOST)";
				CODE_SIGN_STYLE = Automatic;
				CURRENT_PROJECT_VERSION = 1;
				GENERATE_INFOPLIST_FILE = YES;
				IPHONEOS_DEPLOYMENT_TARGET = 17.5;
				MARKETING_VERSION = 1.0;
				PRODUCT_BUNDLE_IDENTIFIER = "hacka.-01024Desafio2Tests";
				PRODUCT_NAME = "$(TARGET_NAME)";
				SWIFT_EMIT_LOC_STRINGS = NO;
				SWIFT_VERSION = 5.0;
				TARGETED_DEVICE_FAMILY = "1,2";
				TEST_HOST = "$(BUILT_PRODUCTS_DIR)/301024Desafio2.app/$(BUNDLE_EXECUTABLE_FOLDER_PATH)/301024Desafio2";
			};
			name = Debug;
		};
		80569B0E2CD2F78C00B8F914 /* Release */ = {
			isa = XCBuildConfiguration;
			buildSettings = {
				ALWAYS_EMBED_SWIFT_STANDARD_LIBRARIES = YES;
				BUNDLE_LOADER = "$(TEST_HOST)";
				CODE_SIGN_STYLE = Automatic;
				CURRENT_PROJECT_VERSION = 1;
				GENERATE_INFOPLIST_FILE = YES;
				IPHONEOS_DEPLOYMENT_TARGET = 17.5;
				MARKETING_VERSION = 1.0;
				PRODUCT_BUNDLE_IDENTIFIER = "hacka.-01024Desafio2Tests";
				PRODUCT_NAME = "$(TARGET_NAME)";
				SWIFT_EMIT_LOC_STRINGS = NO;
				SWIFT_VERSION = 5.0;
				TARGETED_DEVICE_FAMILY = "1,2";
				TEST_HOST = "$(BUILT_PRODUCTS_DIR)/301024Desafio2.app/$(BUNDLE_EXECUTABLE_FOLDER_PATH)/301024Desafio2";
			};
			name = Release;
		};
		80569B102CD2F78C00B8F914 /* Debug */ = {
			isa = XCBuildConfiguration;
			buildSettings = {
				ALWAYS_EMBED_SWIFT_STANDARD_LIBRARIES = YES;
				CODE_SIGN_STYLE = Automatic;
				CURRENT_PROJECT_VERSION = 1;
				GENERATE_INFOPLIST_FILE = YES;
				MARKETING_VERSION = 1.0;
				PRODUCT_BUNDLE_IDENTIFIER = "hacka.-01024Desafio2UITests";
				PRODUCT_NAME = "$(TARGET_NAME)";
				SWIFT_EMIT_LOC_STRINGS = NO;
				SWIFT_VERSION = 5.0;
				TARGETED_DEVICE_FAMILY = "1,2";
				TEST_TARGET_NAME = 301024Desafio2;
			};
			name = Debug;
		};
		80569B112CD2F78C00B8F914 /* Release */ = {
			isa = XCBuildConfiguration;
			buildSettings = {
				ALWAYS_EMBED_SWIFT_STANDARD_LIBRARIES = YES;
				CODE_SIGN_STYLE = Automatic;
				CURRENT_PROJECT_VERSION = 1;
				GENERATE_INFOPLIST_FILE = YES;
				MARKETING_VERSION = 1.0;
				PRODUCT_BUNDLE_IDENTIFIER = "hacka.-01024Desafio2UITests";
				PRODUCT_NAME = "$(TARGET_NAME)";
				SWIFT_EMIT_LOC_STRINGS = NO;
				SWIFT_VERSION = 5.0;
				TARGETED_DEVICE_FAMILY = "1,2";
				TEST_TARGET_NAME = 301024Desafio2;
			};
			name = Release;
		};
/* End XCBuildConfiguration section */

/* Begin XCConfigurationList section */
		80569AE02CD2F78A00B8F914 /* Build configuration list for PBXProject "301024Desafio2" */ = {
			isa = XCConfigurationList;
			buildConfigurations = (
				80569B072CD2F78C00B8F914 /* Debug */,
				80569B082CD2F78C00B8F914 /* Release */,
			);
			defaultConfigurationIsVisible = 0;
			defaultConfigurationName = Release;
		};
		80569B092CD2F78C00B8F914 /* Build configuration list for PBXNativeTarget "301024Desafio2" */ = {
			isa = XCConfigurationList;
			buildConfigurations = (
				80569B0A2CD2F78C00B8F914 /* Debug */,
				80569B0B2CD2F78C00B8F914 /* Release */,
			);
			defaultConfigurationIsVisible = 0;
			defaultConfigurationName = Release;
		};
		80569B0C2CD2F78C00B8F914 /* Build configuration list for PBXNativeTarget "301024Desafio2Tests" */ = {
			isa = XCConfigurationList;
			buildConfigurations = (
				80569B0D2CD2F78C00B8F914 /* Debug */,
				80569B0E2CD2F78C00B8F914 /* Release */,
			);
			defaultConfigurationIsVisible = 0;
			defaultConfigurationName = Release;
		};
		80569B0F2CD2F78C00B8F914 /* Build configuration list for PBXNativeTarget "301024Desafio2UITests" */ = {
			isa = XCConfigurationList;
			buildConfigurations = (
				80569B102CD2F78C00B8F914 /* Debug */,
				80569B112CD2F78C00B8F914 /* Release */,
			);
			defaultConfigurationIsVisible = 0;
			defaultConfigurationName = Release;
		};
/* End XCConfigurationList section */
	};
	rootObject = 80569ADD2CD2F78A00B8F914 /* Project object */;
}
