// !$*UTF8*$!
{
	archiveVersion = 1;
	classes = {
	};
	objectVersion = 56;
	objects = {

/* Begin PBXBuildFile section */
		80569B252CD4364600B8F914 /* _11024DesafioApp.swift in Sources */ = {isa = PBXBuildFile; fileRef = 80569B242CD4364600B8F914 /* _11024DesafioApp.swift */; };
		80569B272CD4364600B8F914 /* ContentView.swift in Sources */ = {isa = PBXBuildFile; fileRef = 80569B262CD4364600B8F914 /* ContentView.swift */; };
		80569B292CD4364800B8F914 /* Assets.xcassets in Resources */ = {isa = PBXBuildFile; fileRef = 80569B282CD4364800B8F914 /* Assets.xcassets */; };
		80569B2C2CD4364800B8F914 /* Preview Assets.xcassets in Resources */ = {isa = PBXBuildFile; fileRef = 80569B2B2CD4364800B8F914 /* Preview Assets.xcassets */; };
		80569B362CD4364900B8F914 /* _11024DesafioTests.swift in Sources */ = {isa = PBXBuildFile; fileRef = 80569B352CD4364900B8F914 /* _11024DesafioTests.swift */; };
		80569B402CD4364900B8F914 /* _11024DesafioUITests.swift in Sources */ = {isa = PBXBuildFile; fileRef = 80569B3F2CD4364900B8F914 /* _11024DesafioUITests.swift */; };
		80569B422CD4364900B8F914 /* _11024DesafioUITestsLaunchTests.swift in Sources */ = {isa = PBXBuildFile; fileRef = 80569B412CD4364900B8F914 /* _11024DesafioUITestsLaunchTests.swift */; };
		80569B4F2CD4416800B8F914 /* Song.swift in Sources */ = {isa = PBXBuildFile; fileRef = 80569B4E2CD4416800B8F914 /* Song.swift */; };
		80569B552CD4548C00B8F914 /* SongFile.swift in Sources */ = {isa = PBXBuildFile; fileRef = 80569B542CD4548C00B8F914 /* SongFile.swift */; };
/* End PBXBuildFile section */

/* Begin PBXContainerItemProxy section */
		80569B322CD4364900B8F914 /* PBXContainerItemProxy */ = {
			isa = PBXContainerItemProxy;
			containerPortal = 80569B192CD4364600B8F914 /* Project object */;
			proxyType = 1;
			remoteGlobalIDString = 80569B202CD4364600B8F914;
			remoteInfo = 311024Desafio;
		};
		80569B3C2CD4364900B8F914 /* PBXContainerItemProxy */ = {
			isa = PBXContainerItemProxy;
			containerPortal = 80569B192CD4364600B8F914 /* Project object */;
			proxyType = 1;
			remoteGlobalIDString = 80569B202CD4364600B8F914;
			remoteInfo = 311024Desafio;
		};
/* End PBXContainerItemProxy section */

/* Begin PBXFileReference section */
		80569B212CD4364600B8F914 /* 311024Desafio.app */ = {isa = PBXFileReference; explicitFileType = wrapper.application; includeInIndex = 0; path = 311024Desafio.app; sourceTree = BUILT_PRODUCTS_DIR; };
		80569B242CD4364600B8F914 /* _11024DesafioApp.swift */ = {isa = PBXFileReference; lastKnownFileType = sourcecode.swift; path = _11024DesafioApp.swift; sourceTree = "<group>"; };
		80569B262CD4364600B8F914 /* ContentView.swift */ = {isa = PBXFileReference; lastKnownFileType = sourcecode.swift; path = ContentView.swift; sourceTree = "<group>"; };
		80569B282CD4364800B8F914 /* Assets.xcassets */ = {isa = PBXFileReference; lastKnownFileType = folder.assetcatalog; path = Assets.xcassets; sourceTree = "<group>"; };
		80569B2B2CD4364800B8F914 /* Preview Assets.xcassets */ = {isa = PBXFileReference; lastKnownFileType = folder.assetcatalog; path = "Preview Assets.xcassets"; sourceTree = "<group>"; };
		80569B312CD4364900B8F914 /* 311024DesafioTests.xctest */ = {isa = PBXFileReference; explicitFileType = wrapper.cfbundle; includeInIndex = 0; path = 311024DesafioTests.xctest; sourceTree = BUILT_PRODUCTS_DIR; };
		80569B352CD4364900B8F914 /* _11024DesafioTests.swift */ = {isa = PBXFileReference; lastKnownFileType = sourcecode.swift; path = _11024DesafioTests.swift; sourceTree = "<group>"; };
		80569B3B2CD4364900B8F914 /* 311024DesafioUITests.xctest */ = {isa = PBXFileReference; explicitFileType = wrapper.cfbundle; includeInIndex = 0; path = 311024DesafioUITests.xctest; sourceTree = BUILT_PRODUCTS_DIR; };
		80569B3F2CD4364900B8F914 /* _11024DesafioUITests.swift */ = {isa = PBXFileReference; lastKnownFileType = sourcecode.swift; path = _11024DesafioUITests.swift; sourceTree = "<group>"; };
		80569B412CD4364900B8F914 /* _11024DesafioUITestsLaunchTests.swift */ = {isa = PBXFileReference; lastKnownFileType = sourcecode.swift; path = _11024DesafioUITestsLaunchTests.swift; sourceTree = "<group>"; };
		80569B4E2CD4416800B8F914 /* Song.swift */ = {isa = PBXFileReference; lastKnownFileType = sourcecode.swift; path = Song.swift; sourceTree = "<group>"; };
		80569B542CD4548C00B8F914 /* SongFile.swift */ = {isa = PBXFileReference; lastKnownFileType = sourcecode.swift; path = SongFile.swift; sourceTree = "<group>"; };
/* End PBXFileReference section */

/* Begin PBXFrameworksBuildPhase section */
		80569B1E2CD4364600B8F914 /* Frameworks */ = {
			isa = PBXFrameworksBuildPhase;
			buildActionMask = 2147483647;
			files = (
			);
			runOnlyForDeploymentPostprocessing = 0;
		};
		80569B2E2CD4364900B8F914 /* Frameworks */ = {
			isa = PBXFrameworksBuildPhase;
			buildActionMask = 2147483647;
			files = (
			);
			runOnlyForDeploymentPostprocessing = 0;
		};
		80569B382CD4364900B8F914 /* Frameworks */ = {
			isa = PBXFrameworksBuildPhase;
			buildActionMask = 2147483647;
			files = (
			);
			runOnlyForDeploymentPostprocessing = 0;
		};
/* End PBXFrameworksBuildPhase section */

/* Begin PBXGroup section */
		80569B182CD4364600B8F914 = {
			isa = PBXGroup;
			children = (
				80569B232CD4364600B8F914 /* 311024Desafio */,
				80569B342CD4364900B8F914 /* 311024DesafioTests */,
				80569B3E2CD4364900B8F914 /* 311024DesafioUITests */,
				80569B222CD4364600B8F914 /* Products */,
			);
			sourceTree = "<group>";
		};
		80569B222CD4364600B8F914 /* Products */ = {
			isa = PBXGroup;
			children = (
				80569B212CD4364600B8F914 /* 311024Desafio.app */,
				80569B312CD4364900B8F914 /* 311024DesafioTests.xctest */,
				80569B3B2CD4364900B8F914 /* 311024DesafioUITests.xctest */,
			);
			name = Products;
			sourceTree = "<group>";
		};
		80569B232CD4364600B8F914 /* 311024Desafio */ = {
			isa = PBXGroup;
			children = (
				80569B242CD4364600B8F914 /* _11024DesafioApp.swift */,
				80569B262CD4364600B8F914 /* ContentView.swift */,
				80569B282CD4364800B8F914 /* Assets.xcassets */,
				80569B2A2CD4364800B8F914 /* Preview Content */,
				80569B4E2CD4416800B8F914 /* Song.swift */,
				80569B542CD4548C00B8F914 /* SongFile.swift */,
			);
			path = 311024Desafio;
			sourceTree = "<group>";
		};
		80569B2A2CD4364800B8F914 /* Preview Content */ = {
			isa = PBXGroup;
			children = (
				80569B2B2CD4364800B8F914 /* Preview Assets.xcassets */,
			);
			path = "Preview Content";
			sourceTree = "<group>";
		};
		80569B342CD4364900B8F914 /* 311024DesafioTests */ = {
			isa = PBXGroup;
			children = (
				80569B352CD4364900B8F914 /* _11024DesafioTests.swift */,
			);
			path = 311024DesafioTests;
			sourceTree = "<group>";
		};
		80569B3E2CD4364900B8F914 /* 311024DesafioUITests */ = {
			isa = PBXGroup;
			children = (
				80569B3F2CD4364900B8F914 /* _11024DesafioUITests.swift */,
				80569B412CD4364900B8F914 /* _11024DesafioUITestsLaunchTests.swift */,
			);
			path = 311024DesafioUITests;
			sourceTree = "<group>";
		};
/* End PBXGroup section */

/* Begin PBXNativeTarget section */
		80569B202CD4364600B8F914 /* 311024Desafio */ = {
			isa = PBXNativeTarget;
			buildConfigurationList = 80569B452CD4364900B8F914 /* Build configuration list for PBXNativeTarget "311024Desafio" */;
			buildPhases = (
				80569B1D2CD4364600B8F914 /* Sources */,
				80569B1E2CD4364600B8F914 /* Frameworks */,
				80569B1F2CD4364600B8F914 /* Resources */,
			);
			buildRules = (
			);
			dependencies = (
			);
			name = 311024Desafio;
			productName = 311024Desafio;
			productReference = 80569B212CD4364600B8F914 /* 311024Desafio.app */;
			productType = "com.apple.product-type.application";
		};
		80569B302CD4364900B8F914 /* 311024DesafioTests */ = {
			isa = PBXNativeTarget;
			buildConfigurationList = 80569B482CD4364900B8F914 /* Build configuration list for PBXNativeTarget "311024DesafioTests" */;
			buildPhases = (
				80569B2D2CD4364900B8F914 /* Sources */,
				80569B2E2CD4364900B8F914 /* Frameworks */,
				80569B2F2CD4364900B8F914 /* Resources */,
			);
			buildRules = (
			);
			dependencies = (
				80569B332CD4364900B8F914 /* PBXTargetDependency */,
			);
			name = 311024DesafioTests;
			productName = 311024DesafioTests;
			productReference = 80569B312CD4364900B8F914 /* 311024DesafioTests.xctest */;
			productType = "com.apple.product-type.bundle.unit-test";
		};
		80569B3A2CD4364900B8F914 /* 311024DesafioUITests */ = {
			isa = PBXNativeTarget;
			buildConfigurationList = 80569B4B2CD4364900B8F914 /* Build configuration list for PBXNativeTarget "311024DesafioUITests" */;
			buildPhases = (
				80569B372CD4364900B8F914 /* Sources */,
				80569B382CD4364900B8F914 /* Frameworks */,
				80569B392CD4364900B8F914 /* Resources */,
			);
			buildRules = (
			);
			dependencies = (
				80569B3D2CD4364900B8F914 /* PBXTargetDependency */,
			);
			name = 311024DesafioUITests;
			productName = 311024DesafioUITests;
			productReference = 80569B3B2CD4364900B8F914 /* 311024DesafioUITests.xctest */;
			productType = "com.apple.product-type.bundle.ui-testing";
		};
/* End PBXNativeTarget section */

/* Begin PBXProject section */
		80569B192CD4364600B8F914 /* Project object */ = {
			isa = PBXProject;
			attributes = {
				BuildIndependentTargetsInParallel = 1;
				LastSwiftUpdateCheck = 1540;
				LastUpgradeCheck = 1540;
				TargetAttributes = {
					80569B202CD4364600B8F914 = {
						CreatedOnToolsVersion = 15.4;
					};
					80569B302CD4364900B8F914 = {
						CreatedOnToolsVersion = 15.4;
						TestTargetID = 80569B202CD4364600B8F914;
					};
					80569B3A2CD4364900B8F914 = {
						CreatedOnToolsVersion = 15.4;
						TestTargetID = 80569B202CD4364600B8F914;
					};
				};
			};
			buildConfigurationList = 80569B1C2CD4364600B8F914 /* Build configuration list for PBXProject "311024Desafio" */;
			compatibilityVersion = "Xcode 14.0";
			developmentRegion = en;
			hasScannedForEncodings = 0;
			knownRegions = (
				en,
				Base,
			);
			mainGroup = 80569B182CD4364600B8F914;
			productRefGroup = 80569B222CD4364600B8F914 /* Products */;
			projectDirPath = "";
			projectRoot = "";
			targets = (
				80569B202CD4364600B8F914 /* 311024Desafio */,
				80569B302CD4364900B8F914 /* 311024DesafioTests */,
				80569B3A2CD4364900B8F914 /* 311024DesafioUITests */,
			);
		};
/* End PBXProject section */

/* Begin PBXResourcesBuildPhase section */
		80569B1F2CD4364600B8F914 /* Resources */ = {
			isa = PBXResourcesBuildPhase;
			buildActionMask = 2147483647;
			files = (
				80569B2C2CD4364800B8F914 /* Preview Assets.xcassets in Resources */,
				80569B292CD4364800B8F914 /* Assets.xcassets in Resources */,
			);
			runOnlyForDeploymentPostprocessing = 0;
		};
		80569B2F2CD4364900B8F914 /* Resources */ = {
			isa = PBXResourcesBuildPhase;
			buildActionMask = 2147483647;
			files = (
			);
			runOnlyForDeploymentPostprocessing = 0;
		};
		80569B392CD4364900B8F914 /* Resources */ = {
			isa = PBXResourcesBuildPhase;
			buildActionMask = 2147483647;
			files = (
			);
			runOnlyForDeploymentPostprocessing = 0;
		};
/* End PBXResourcesBuildPhase section */

/* Begin PBXSourcesBuildPhase section */
		80569B1D2CD4364600B8F914 /* Sources */ = {
			isa = PBXSourcesBuildPhase;
			buildActionMask = 2147483647;
			files = (
				80569B552CD4548C00B8F914 /* SongFile.swift in Sources */,
				80569B4F2CD4416800B8F914 /* Song.swift in Sources */,
				80569B272CD4364600B8F914 /* ContentView.swift in Sources */,
				80569B252CD4364600B8F914 /* _11024DesafioApp.swift in Sources */,
			);
			runOnlyForDeploymentPostprocessing = 0;
		};
		80569B2D2CD4364900B8F914 /* Sources */ = {
			isa = PBXSourcesBuildPhase;
			buildActionMask = 2147483647;
			files = (
				80569B362CD4364900B8F914 /* _11024DesafioTests.swift in Sources */,
			);
			runOnlyForDeploymentPostprocessing = 0;
		};
		80569B372CD4364900B8F914 /* Sources */ = {
			isa = PBXSourcesBuildPhase;
			buildActionMask = 2147483647;
			files = (
				80569B402CD4364900B8F914 /* _11024DesafioUITests.swift in Sources */,
				80569B422CD4364900B8F914 /* _11024DesafioUITestsLaunchTests.swift in Sources */,
			);
			runOnlyForDeploymentPostprocessing = 0;
		};
/* End PBXSourcesBuildPhase section */

/* Begin PBXTargetDependency section */
		80569B332CD4364900B8F914 /* PBXTargetDependency */ = {
			isa = PBXTargetDependency;
			target = 80569B202CD4364600B8F914 /* 311024Desafio */;
			targetProxy = 80569B322CD4364900B8F914 /* PBXContainerItemProxy */;
		};
		80569B3D2CD4364900B8F914 /* PBXTargetDependency */ = {
			isa = PBXTargetDependency;
			target = 80569B202CD4364600B8F914 /* 311024Desafio */;
			targetProxy = 80569B3C2CD4364900B8F914 /* PBXContainerItemProxy */;
		};
/* End PBXTargetDependency section */

/* Begin XCBuildConfiguration section */
		80569B432CD4364900B8F914 /* Debug */ = {
			isa = XCBuildConfiguration;
			buildSettings = {
				ALWAYS_SEARCH_USER_PATHS = NO;
				ASSETCATALOG_COMPILER_GENERATE_SWIFT_ASSET_SYMBOL_EXTENSIONS = YES;
				CLANG_ANALYZER_NONNULL = YES;
				CLANG_ANALYZER_NUMBER_OBJECT_CONVERSION = YES_AGGRESSIVE;
				CLANG_CXX_LANGUAGE_STANDARD = "gnu++20";
				CLANG_ENABLE_MODULES = YES;
				CLANG_ENABLE_OBJC_ARC = YES;
				CLANG_ENABLE_OBJC_WEAK = YES;
				CLANG_WARN_BLOCK_CAPTURE_AUTORELEASING = YES;
				CLANG_WARN_BOOL_CONVERSION = YES;
				CLANG_WARN_COMMA = YES;
				CLANG_WARN_CONSTANT_CONVERSION = YES;
				CLANG_WARN_DEPRECATED_OBJC_IMPLEMENTATIONS = YES;
				CLANG_WARN_DIRECT_OBJC_ISA_USAGE = YES_ERROR;
				CLANG_WARN_DOCUMENTATION_COMMENTS = YES;
				CLANG_WARN_EMPTY_BODY = YES;
				CLANG_WARN_ENUM_CONVERSION = YES;
				CLANG_WARN_INFINITE_RECURSION = YES;
				CLANG_WARN_INT_CONVERSION = YES;
				CLANG_WARN_NON_LITERAL_NULL_CONVERSION = YES;
				CLANG_WARN_OBJC_IMPLICIT_RETAIN_SELF = YES;
				CLANG_WARN_OBJC_LITERAL_CONVERSION = YES;
				CLANG_WARN_OBJC_ROOT_CLASS = YES_ERROR;
				CLANG_WARN_QUOTED_INCLUDE_IN_FRAMEWORK_HEADER = YES;
				CLANG_WARN_RANGE_LOOP_ANALYSIS = YES;
				CLANG_WARN_STRICT_PROTOTYPES = YES;
				CLANG_WARN_SUSPICIOUS_MOVE = YES;
				CLANG_WARN_UNGUARDED_AVAILABILITY = YES_AGGRESSIVE;
				CLANG_WARN_UNREACHABLE_CODE = YES;
				CLANG_WARN__DUPLICATE_METHOD_MATCH = YES;
				COPY_PHASE_STRIP = NO;
				DEBUG_INFORMATION_FORMAT = dwarf;
				ENABLE_STRICT_OBJC_MSGSEND = YES;
				ENABLE_TESTABILITY = YES;
				ENABLE_USER_SCRIPT_SANDBOXING = YES;
				GCC_C_LANGUAGE_STANDARD = gnu17;
				GCC_DYNAMIC_NO_PIC = NO;
				GCC_NO_COMMON_BLOCKS = YES;
				GCC_OPTIMIZATION_LEVEL = 0;
				GCC_PREPROCESSOR_DEFINITIONS = (
					"DEBUG=1",
					"$(inherited)",
				);
				GCC_WARN_64_TO_32_BIT_CONVERSION = YES;
				GCC_WARN_ABOUT_RETURN_TYPE = YES_ERROR;
				GCC_WARN_UNDECLARED_SELECTOR = YES;
				GCC_WARN_UNINITIALIZED_AUTOS = YES_AGGRESSIVE;
				GCC_WARN_UNUSED_FUNCTION = YES;
				GCC_WARN_UNUSED_VARIABLE = YES;
				IPHONEOS_DEPLOYMENT_TARGET = 17.5;
				LOCALIZATION_PREFERS_STRING_CATALOGS = YES;
				MTL_ENABLE_DEBUG_INFO = INCLUDE_SOURCE;
				MTL_FAST_MATH = YES;
				ONLY_ACTIVE_ARCH = YES;
				SDKROOT = iphoneos;
				SWIFT_ACTIVE_COMPILATION_CONDITIONS = "DEBUG $(inherited)";
				SWIFT_OPTIMIZATION_LEVEL = "-Onone";
			};
			name = Debug;
		};
		80569B442CD4364900B8F914 /* Release */ = {
			isa = XCBuildConfiguration;
			buildSettings = {
				ALWAYS_SEARCH_USER_PATHS = NO;
				ASSETCATALOG_COMPILER_GENERATE_SWIFT_ASSET_SYMBOL_EXTENSIONS = YES;
				CLANG_ANALYZER_NONNULL = YES;
				CLANG_ANALYZER_NUMBER_OBJECT_CONVERSION = YES_AGGRESSIVE;
				CLANG_CXX_LANGUAGE_STANDARD = "gnu++20";
				CLANG_ENABLE_MODULES = YES;
				CLANG_ENABLE_OBJC_ARC = YES;
				CLANG_ENABLE_OBJC_WEAK = YES;
				CLANG_WARN_BLOCK_CAPTURE_AUTORELEASING = YES;
				CLANG_WARN_BOOL_CONVERSION = YES;
				CLANG_WARN_COMMA = YES;
				CLANG_WARN_CONSTANT_CONVERSION = YES;
				CLANG_WARN_DEPRECATED_OBJC_IMPLEMENTATIONS = YES;
				CLANG_WARN_DIRECT_OBJC_ISA_USAGE = YES_ERROR;
				CLANG_WARN_DOCUMENTATION_COMMENTS = YES;
				CLANG_WARN_EMPTY_BODY = YES;
				CLANG_WARN_ENUM_CONVERSION = YES;
				CLANG_WARN_INFINITE_RECURSION = YES;
				CLANG_WARN_INT_CONVERSION = YES;
				CLANG_WARN_NON_LITERAL_NULL_CONVERSION = YES;
				CLANG_WARN_OBJC_IMPLICIT_RETAIN_SELF = YES;
				CLANG_WARN_OBJC_LITERAL_CONVERSION = YES;
				CLANG_WARN_OBJC_ROOT_CLASS = YES_ERROR;
				CLANG_WARN_QUOTED_INCLUDE_IN_FRAMEWORK_HEADER = YES;
				CLANG_WARN_RANGE_LOOP_ANALYSIS = YES;
				CLANG_WARN_STRICT_PROTOTYPES = YES;
				CLANG_WARN_SUSPICIOUS_MOVE = YES;
				CLANG_WARN_UNGUARDED_AVAILABILITY = YES_AGGRESSIVE;
				CLANG_WARN_UNREACHABLE_CODE = YES;
				CLANG_WARN__DUPLICATE_METHOD_MATCH = YES;
				COPY_PHASE_STRIP = NO;
				DEBUG_INFORMATION_FORMAT = "dwarf-with-dsym";
				ENABLE_NS_ASSERTIONS = NO;
				ENABLE_STRICT_OBJC_MSGSEND = YES;
				ENABLE_USER_SCRIPT_SANDBOXING = YES;
				GCC_C_LANGUAGE_STANDARD = gnu17;
				GCC_NO_COMMON_BLOCKS = YES;
				GCC_WARN_64_TO_32_BIT_CONVERSION = YES;
				GCC_WARN_ABOUT_RETURN_TYPE = YES_ERROR;
				GCC_WARN_UNDECLARED_SELECTOR = YES;
				GCC_WARN_UNINITIALIZED_AUTOS = YES_AGGRESSIVE;
				GCC_WARN_UNUSED_FUNCTION = YES;
				GCC_WARN_UNUSED_VARIABLE = YES;
				IPHONEOS_DEPLOYMENT_TARGET = 17.5;
				LOCALIZATION_PREFERS_STRING_CATALOGS = YES;
				MTL_ENABLE_DEBUG_INFO = NO;
				MTL_FAST_MATH = YES;
				SDKROOT = iphoneos;
				SWIFT_COMPILATION_MODE = wholemodule;
				VALIDATE_PRODUCT = YES;
			};
			name = Release;
		};
		80569B462CD4364900B8F914 /* Debug */ = {
			isa = XCBuildConfiguration;
			buildSettings = {
				ASSETCATALOG_COMPILER_APPICON_NAME = AppIcon;
				ASSETCATALOG_COMPILER_GLOBAL_ACCENT_COLOR_NAME = AccentColor;
				CODE_SIGN_STYLE = Automatic;
				CURRENT_PROJECT_VERSION = 1;
				DEVELOPMENT_ASSET_PATHS = "\"311024Desafio/Preview Content\"";
				ENABLE_PREVIEWS = YES;
				GENERATE_INFOPLIST_FILE = YES;
				INFOPLIST_KEY_UIApplicationSceneManifest_Generation = YES;
				INFOPLIST_KEY_UIApplicationSupportsIndirectInputEvents = YES;
				INFOPLIST_KEY_UILaunchScreen_Generation = YES;
				INFOPLIST_KEY_UISupportedInterfaceOrientations_iPad = "UIInterfaceOrientationPortrait UIInterfaceOrientationPortraitUpsideDown UIInterfaceOrientationLandscapeLeft UIInterfaceOrientationLandscapeRight";
				INFOPLIST_KEY_UISupportedInterfaceOrientations_iPhone = "UIInterfaceOrientationPortrait UIInterfaceOrientationLandscapeLeft UIInterfaceOrientationLandscapeRight";
				LD_RUNPATH_SEARCH_PATHS = (
					"$(inherited)",
					"@executable_path/Frameworks",
				);
				MARKETING_VERSION = 1.0;
				PRODUCT_BUNDLE_IDENTIFIER = "hacka.-11024Desafio";
				PRODUCT_NAME = "$(TARGET_NAME)";
				SWIFT_EMIT_LOC_STRINGS = YES;
				SWIFT_VERSION = 5.0;
				TARGETED_DEVICE_FAMILY = "1,2";
			};
			name = Debug;
		};
		80569B472CD4364900B8F914 /* Release */ = {
			isa = XCBuildConfiguration;
			buildSettings = {
				ASSETCATALOG_COMPILER_APPICON_NAME = AppIcon;
				ASSETCATALOG_COMPILER_GLOBAL_ACCENT_COLOR_NAME = AccentColor;
				CODE_SIGN_STYLE = Automatic;
				CURRENT_PROJECT_VERSION = 1;
				DEVELOPMENT_ASSET_PATHS = "\"311024Desafio/Preview Content\"";
				ENABLE_PREVIEWS = YES;
				GENERATE_INFOPLIST_FILE = YES;
				INFOPLIST_KEY_UIApplicationSceneManifest_Generation = YES;
				INFOPLIST_KEY_UIApplicationSupportsIndirectInputEvents = YES;
				INFOPLIST_KEY_UILaunchScreen_Generation = YES;
				INFOPLIST_KEY_UISupportedInterfaceOrientations_iPad = "UIInterfaceOrientationPortrait UIInterfaceOrientationPortraitUpsideDown UIInterfaceOrientationLandscapeLeft UIInterfaceOrientationLandscapeRight";
				INFOPLIST_KEY_UISupportedInterfaceOrientations_iPhone = "UIInterfaceOrientationPortrait UIInterfaceOrientationLandscapeLeft UIInterfaceOrientationLandscapeRight";
				LD_RUNPATH_SEARCH_PATHS = (
					"$(inherited)",
					"@executable_path/Frameworks",
				);
				MARKETING_VERSION = 1.0;
				PRODUCT_BUNDLE_IDENTIFIER = "hacka.-11024Desafio";
				PRODUCT_NAME = "$(TARGET_NAME)";
				SWIFT_EMIT_LOC_STRINGS = YES;
				SWIFT_VERSION = 5.0;
				TARGETED_DEVICE_FAMILY = "1,2";
			};
			name = Release;
		};
		80569B492CD4364900B8F914 /* Debug */ = {
			isa = XCBuildConfiguration;
			buildSettings = {
				ALWAYS_EMBED_SWIFT_STANDARD_LIBRARIES = YES;
				BUNDLE_LOADER = "$(TEST_HOST)";
				CODE_SIGN_STYLE = Automatic;
				CURRENT_PROJECT_VERSION = 1;
				GENERATE_INFOPLIST_FILE = YES;
				IPHONEOS_DEPLOYMENT_TARGET = 17.5;
				MARKETING_VERSION = 1.0;
				PRODUCT_BUNDLE_IDENTIFIER = "hacka.-11024DesafioTests";
				PRODUCT_NAME = "$(TARGET_NAME)";
				SWIFT_EMIT_LOC_STRINGS = NO;
				SWIFT_VERSION = 5.0;
				TARGETED_DEVICE_FAMILY = "1,2";
				TEST_HOST = "$(BUILT_PRODUCTS_DIR)/311024Desafio.app/$(BUNDLE_EXECUTABLE_FOLDER_PATH)/311024Desafio";
			};
			name = Debug;
		};
		80569B4A2CD4364900B8F914 /* Release */ = {
			isa = XCBuildConfiguration;
			buildSettings = {
				ALWAYS_EMBED_SWIFT_STANDARD_LIBRARIES = YES;
				BUNDLE_LOADER = "$(TEST_HOST)";
				CODE_SIGN_STYLE = Automatic;
				CURRENT_PROJECT_VERSION = 1;
				GENERATE_INFOPLIST_FILE = YES;
				IPHONEOS_DEPLOYMENT_TARGET = 17.5;
				MARKETING_VERSION = 1.0;
				PRODUCT_BUNDLE_IDENTIFIER = "hacka.-11024DesafioTests";
				PRODUCT_NAME = "$(TARGET_NAME)";
				SWIFT_EMIT_LOC_STRINGS = NO;
				SWIFT_VERSION = 5.0;
				TARGETED_DEVICE_FAMILY = "1,2";
				TEST_HOST = "$(BUILT_PRODUCTS_DIR)/311024Desafio.app/$(BUNDLE_EXECUTABLE_FOLDER_PATH)/311024Desafio";
			};
			name = Release;
		};
		80569B4C2CD4364900B8F914 /* Debug */ = {
			isa = XCBuildConfiguration;
			buildSettings = {
				ALWAYS_EMBED_SWIFT_STANDARD_LIBRARIES = YES;
				CODE_SIGN_STYLE = Automatic;
				CURRENT_PROJECT_VERSION = 1;
				GENERATE_INFOPLIST_FILE = YES;
				MARKETING_VERSION = 1.0;
				PRODUCT_BUNDLE_IDENTIFIER = "hacka.-11024DesafioUITests";
				PRODUCT_NAME = "$(TARGET_NAME)";
				SWIFT_EMIT_LOC_STRINGS = NO;
				SWIFT_VERSION = 5.0;
				TARGETED_DEVICE_FAMILY = "1,2";
				TEST_TARGET_NAME = 311024Desafio;
			};
			name = Debug;
		};
		80569B4D2CD4364900B8F914 /* Release */ = {
			isa = XCBuildConfiguration;
			buildSettings = {
				ALWAYS_EMBED_SWIFT_STANDARD_LIBRARIES = YES;
				CODE_SIGN_STYLE = Automatic;
				CURRENT_PROJECT_VERSION = 1;
				GENERATE_INFOPLIST_FILE = YES;
				MARKETING_VERSION = 1.0;
				PRODUCT_BUNDLE_IDENTIFIER = "hacka.-11024DesafioUITests";
				PRODUCT_NAME = "$(TARGET_NAME)";
				SWIFT_EMIT_LOC_STRINGS = NO;
				SWIFT_VERSION = 5.0;
				TARGETED_DEVICE_FAMILY = "1,2";
				TEST_TARGET_NAME = 311024Desafio;
			};
			name = Release;
		};
/* End XCBuildConfiguration section */

/* Begin XCConfigurationList section */
		80569B1C2CD4364600B8F914 /* Build configuration list for PBXProject "311024Desafio" */ = {
			isa = XCConfigurationList;
			buildConfigurations = (
				80569B432CD4364900B8F914 /* Debug */,
				80569B442CD4364900B8F914 /* Release */,
			);
			defaultConfigurationIsVisible = 0;
			defaultConfigurationName = Release;
		};
		80569B452CD4364900B8F914 /* Build configuration list for PBXNativeTarget "311024Desafio" */ = {
			isa = XCConfigurationList;
			buildConfigurations = (
				80569B462CD4364900B8F914 /* Debug */,
				80569B472CD4364900B8F914 /* Release */,
			);
			defaultConfigurationIsVisible = 0;
			defaultConfigurationName = Release;
		};
		80569B482CD4364900B8F914 /* Build configuration list for PBXNativeTarget "311024DesafioTests" */ = {
			isa = XCConfigurationList;
			buildConfigurations = (
				80569B492CD4364900B8F914 /* Debug */,
				80569B4A2CD4364900B8F914 /* Release */,
			);
			defaultConfigurationIsVisible = 0;
			defaultConfigurationName = Release;
		};
		80569B4B2CD4364900B8F914 /* Build configuration list for PBXNativeTarget "311024DesafioUITests" */ = {
			isa = XCConfigurationList;
			buildConfigurations = (
				80569B4C2CD4364900B8F914 /* Debug */,
				80569B4D2CD4364900B8F914 /* Release */,
			);
			defaultConfigurationIsVisible = 0;
			defaultConfigurationName = Release;
		};
/* End XCConfigurationList section */
	};
	rootObject = 80569B192CD4364600B8F914 /* Project object */;
}
